// !$*UTF8*$!
{
	archiveVersion = 1;
	classes = {
	};
	objectVersion = 56;
	objects = {

/* Begin PBXBuildFile section */
		0978585D2A91097D000A4908 /* AnimationLearningApp.swift in Sources */ = {isa = PBXBuildFile; fileRef = 0978585C2A91097D000A4908 /* AnimationLearningApp.swift */; };
		0978585F2A91097D000A4908 /* ContentView.swift in Sources */ = {isa = PBXBuildFile; fileRef = 0978585E2A91097D000A4908 /* ContentView.swift */; };
		097858612A91097F000A4908 /* Assets.xcassets in Resources */ = {isa = PBXBuildFile; fileRef = 097858602A91097F000A4908 /* Assets.xcassets */; };
		097858642A91097F000A4908 /* Preview Assets.xcassets in Resources */ = {isa = PBXBuildFile; fileRef = 097858632A91097F000A4908 /* Preview Assets.xcassets */; };
		0978586E2A910980000A4908 /* AnimationLearningTests.swift in Sources */ = {isa = PBXBuildFile; fileRef = 0978586D2A910980000A4908 /* AnimationLearningTests.swift */; };
		097858782A910980000A4908 /* AnimationLearningUITests.swift in Sources */ = {isa = PBXBuildFile; fileRef = 097858772A910980000A4908 /* AnimationLearningUITests.swift */; };
		0978587A2A910980000A4908 /* AnimationLearningUITestsLaunchTests.swift in Sources */ = {isa = PBXBuildFile; fileRef = 097858792A910980000A4908 /* AnimationLearningUITestsLaunchTests.swift */; };
/* End PBXBuildFile section */

/* Begin PBXContainerItemProxy section */
		0978586A2A910980000A4908 /* PBXContainerItemProxy */ = {
			isa = PBXContainerItemProxy;
			containerPortal = 097858512A91097D000A4908 /* Project object */;
			proxyType = 1;
			remoteGlobalIDString = 097858582A91097D000A4908;
			remoteInfo = AnimationLearning;
		};
		097858742A910980000A4908 /* PBXContainerItemProxy */ = {
			isa = PBXContainerItemProxy;
			containerPortal = 097858512A91097D000A4908 /* Project object */;
			proxyType = 1;
			remoteGlobalIDString = 097858582A91097D000A4908;
			remoteInfo = AnimationLearning;
		};
/* End PBXContainerItemProxy section */

/* Begin PBXFileReference section */
		097858592A91097D000A4908 /* AnimationLearning.app */ = {isa = PBXFileReference; explicitFileType = wrapper.application; includeInIndex = 0; path = AnimationLearning.app; sourceTree = BUILT_PRODUCTS_DIR; };
		0978585C2A91097D000A4908 /* AnimationLearningApp.swift */ = {isa = PBXFileReference; lastKnownFileType = sourcecode.swift; path = AnimationLearningApp.swift; sourceTree = "<group>"; };
		0978585E2A91097D000A4908 /* ContentView.swift */ = {isa = PBXFileReference; lastKnownFileType = sourcecode.swift; path = ContentView.swift; sourceTree = "<group>"; };
		097858602A91097F000A4908 /* Assets.xcassets */ = {isa = PBXFileReference; lastKnownFileType = folder.assetcatalog; path = Assets.xcassets; sourceTree = "<group>"; };
		097858632A91097F000A4908 /* Preview Assets.xcassets */ = {isa = PBXFileReference; lastKnownFileType = folder.assetcatalog; path = "Preview Assets.xcassets"; sourceTree = "<group>"; };
		097858692A910980000A4908 /* AnimationLearningTests.xctest */ = {isa = PBXFileReference; explicitFileType = wrapper.cfbundle; includeInIndex = 0; path = AnimationLearningTests.xctest; sourceTree = BUILT_PRODUCTS_DIR; };
		0978586D2A910980000A4908 /* AnimationLearningTests.swift */ = {isa = PBXFileReference; lastKnownFileType = sourcecode.swift; path = AnimationLearningTests.swift; sourceTree = "<group>"; };
		097858732A910980000A4908 /* AnimationLearningUITests.xctest */ = {isa = PBXFileReference; explicitFileType = wrapper.cfbundle; includeInIndex = 0; path = AnimationLearningUITests.xctest; sourceTree = BUILT_PRODUCTS_DIR; };
		097858772A910980000A4908 /* AnimationLearningUITests.swift */ = {isa = PBXFileReference; lastKnownFileType = sourcecode.swift; path = AnimationLearningUITests.swift; sourceTree = "<group>"; };
		097858792A910980000A4908 /* AnimationLearningUITestsLaunchTests.swift */ = {isa = PBXFileReference; lastKnownFileType = sourcecode.swift; path = AnimationLearningUITestsLaunchTests.swift; sourceTree = "<group>"; };
/* End PBXFileReference section */

/* Begin PBXFrameworksBuildPhase section */
		097858562A91097D000A4908 /* Frameworks */ = {
			isa = PBXFrameworksBuildPhase;
			buildActionMask = 2147483647;
			files = (
			);
			runOnlyForDeploymentPostprocessing = 0;
		};
		097858662A910980000A4908 /* Frameworks */ = {
			isa = PBXFrameworksBuildPhase;
			buildActionMask = 2147483647;
			files = (
			);
			runOnlyForDeploymentPostprocessing = 0;
		};
		097858702A910980000A4908 /* Frameworks */ = {
			isa = PBXFrameworksBuildPhase;
			buildActionMask = 2147483647;
			files = (
			);
			runOnlyForDeploymentPostprocessing = 0;
		};
/* End PBXFrameworksBuildPhase section */

/* Begin PBXGroup section */
		097858502A91097D000A4908 = {
			isa = PBXGroup;
			children = (
				0978585B2A91097D000A4908 /* AnimationLearning */,
				0978586C2A910980000A4908 /* AnimationLearningTests */,
				097858762A910980000A4908 /* AnimationLearningUITests */,
				0978585A2A91097D000A4908 /* Products */,
			);
			sourceTree = "<group>";
		};
		0978585A2A91097D000A4908 /* Products */ = {
			isa = PBXGroup;
			children = (
				097858592A91097D000A4908 /* AnimationLearning.app */,
				097858692A910980000A4908 /* AnimationLearningTests.xctest */,
				097858732A910980000A4908 /* AnimationLearningUITests.xctest */,
			);
			name = Products;
			sourceTree = "<group>";
		};
		0978585B2A91097D000A4908 /* AnimationLearning */ = {
			isa = PBXGroup;
			children = (
				0978585C2A91097D000A4908 /* AnimationLearningApp.swift */,
				0978585E2A91097D000A4908 /* ContentView.swift */,
				097858602A91097F000A4908 /* Assets.xcassets */,
				097858622A91097F000A4908 /* Preview Content */,
			);
			path = AnimationLearning;
			sourceTree = "<group>";
		};
		097858622A91097F000A4908 /* Preview Content */ = {
			isa = PBXGroup;
			children = (
				097858632A91097F000A4908 /* Preview Assets.xcassets */,
			);
			path = "Preview Content";
			sourceTree = "<group>";
		};
		0978586C2A910980000A4908 /* AnimationLearningTests */ = {
			isa = PBXGroup;
			children = (
				0978586D2A910980000A4908 /* AnimationLearningTests.swift */,
			);
			path = AnimationLearningTests;
			sourceTree = "<group>";
		};
		097858762A910980000A4908 /* AnimationLearningUITests */ = {
			isa = PBXGroup;
			children = (
				097858772A910980000A4908 /* AnimationLearningUITests.swift */,
				097858792A910980000A4908 /* AnimationLearningUITestsLaunchTests.swift */,
			);
			path = AnimationLearningUITests;
			sourceTree = "<group>";
		};
/* End PBXGroup section */

/* Begin PBXNativeTarget section */
		097858582A91097D000A4908 /* AnimationLearning */ = {
			isa = PBXNativeTarget;
			buildConfigurationList = 0978587D2A910980000A4908 /* Build configuration list for PBXNativeTarget "AnimationLearning" */;
			buildPhases = (
				097858552A91097D000A4908 /* Sources */,
				097858562A91097D000A4908 /* Frameworks */,
				097858572A91097D000A4908 /* Resources */,
			);
			buildRules = (
			);
			dependencies = (
			);
			name = AnimationLearning;
			productName = AnimationLearning;
			productReference = 097858592A91097D000A4908 /* AnimationLearning.app */;
			productType = "com.apple.product-type.application";
		};
		097858682A910980000A4908 /* AnimationLearningTests */ = {
			isa = PBXNativeTarget;
			buildConfigurationList = 097858802A910980000A4908 /* Build configuration list for PBXNativeTarget "AnimationLearningTests" */;
			buildPhases = (
				097858652A910980000A4908 /* Sources */,
				097858662A910980000A4908 /* Frameworks */,
				097858672A910980000A4908 /* Resources */,
			);
			buildRules = (
			);
			dependencies = (
				0978586B2A910980000A4908 /* PBXTargetDependency */,
			);
			name = AnimationLearningTests;
			productName = AnimationLearningTests;
			productReference = 097858692A910980000A4908 /* AnimationLearningTests.xctest */;
			productType = "com.apple.product-type.bundle.unit-test";
		};
		097858722A910980000A4908 /* AnimationLearningUITests */ = {
			isa = PBXNativeTarget;
			buildConfigurationList = 097858832A910980000A4908 /* Build configuration list for PBXNativeTarget "AnimationLearningUITests" */;
			buildPhases = (
				0978586F2A910980000A4908 /* Sources */,
				097858702A910980000A4908 /* Frameworks */,
				097858712A910980000A4908 /* Resources */,
			);
			buildRules = (
			);
			dependencies = (
				097858752A910980000A4908 /* PBXTargetDependency */,
			);
			name = AnimationLearningUITests;
			productName = AnimationLearningUITests;
			productReference = 097858732A910980000A4908 /* AnimationLearningUITests.xctest */;
			productType = "com.apple.product-type.bundle.ui-testing";
		};
/* End PBXNativeTarget section */

/* Begin PBXProject section */
		097858512A91097D000A4908 /* Project object */ = {
			isa = PBXProject;
			attributes = {
				BuildIndependentTargetsInParallel = 1;
				LastSwiftUpdateCheck = 1430;
				LastUpgradeCheck = 1430;
				TargetAttributes = {
					097858582A91097D000A4908 = {
						CreatedOnToolsVersion = 14.3.1;
					};
					097858682A910980000A4908 = {
						CreatedOnToolsVersion = 14.3.1;
						TestTargetID = 097858582A91097D000A4908;
					};
					097858722A910980000A4908 = {
						CreatedOnToolsVersion = 14.3.1;
						TestTargetID = 097858582A91097D000A4908;
					};
				};
			};
			buildConfigurationList = 097858542A91097D000A4908 /* Build configuration list for PBXProject "AnimationLearning" */;
			compatibilityVersion = "Xcode 14.0";
			developmentRegion = en;
			hasScannedForEncodings = 0;
			knownRegions = (
				en,
				Base,
			);
			mainGroup = 097858502A91097D000A4908;
			productRefGroup = 0978585A2A91097D000A4908 /* Products */;
			projectDirPath = "";
			projectRoot = "";
			targets = (
				097858582A91097D000A4908 /* AnimationLearning */,
				097858682A910980000A4908 /* AnimationLearningTests */,
				097858722A910980000A4908 /* AnimationLearningUITests */,
			);
		};
/* End PBXProject section */

/* Begin PBXResourcesBuildPhase section */
		097858572A91097D000A4908 /* Resources */ = {
			isa = PBXResourcesBuildPhase;
			buildActionMask = 2147483647;
			files = (
				097858642A91097F000A4908 /* Preview Assets.xcassets in Resources */,
				097858612A91097F000A4908 /* Assets.xcassets in Resources */,
			);
			runOnlyForDeploymentPostprocessing = 0;
		};
		097858672A910980000A4908 /* Resources */ = {
			isa = PBXResourcesBuildPhase;
			buildActionMask = 2147483647;
			files = (
			);
			runOnlyForDeploymentPostprocessing = 0;
		};
		097858712A910980000A4908 /* Resources */ = {
			isa = PBXResourcesBuildPhase;
			buildActionMask = 2147483647;
			files = (
			);
			runOnlyForDeploymentPostprocessing = 0;
		};
/* End PBXResourcesBuildPhase section */

/* Begin PBXSourcesBuildPhase section */
		097858552A91097D000A4908 /* Sources */ = {
			isa = PBXSourcesBuildPhase;
			buildActionMask = 2147483647;
			files = (
				0978585F2A91097D000A4908 /* ContentView.swift in Sources */,
				0978585D2A91097D000A4908 /* AnimationLearningApp.swift in Sources */,
			);
			runOnlyForDeploymentPostprocessing = 0;
		};
		097858652A910980000A4908 /* Sources */ = {
			isa = PBXSourcesBuildPhase;
			buildActionMask = 2147483647;
			files = (
				0978586E2A910980000A4908 /* AnimationLearningTests.swift in Sources */,
			);
			runOnlyForDeploymentPostprocessing = 0;
		};
		0978586F2A910980000A4908 /* Sources */ = {
			isa = PBXSourcesBuildPhase;
			buildActionMask = 2147483647;
			files = (
				097858782A910980000A4908 /* AnimationLearningUITests.swift in Sources */,
				0978587A2A910980000A4908 /* AnimationLearningUITestsLaunchTests.swift in Sources */,
			);
			runOnlyForDeploymentPostprocessing = 0;
		};
/* End PBXSourcesBuildPhase section */

/* Begin PBXTargetDependency section */
		0978586B2A910980000A4908 /* PBXTargetDependency */ = {
			isa = PBXTargetDependency;
			target = 097858582A91097D000A4908 /* AnimationLearning */;
			targetProxy = 0978586A2A910980000A4908 /* PBXContainerItemProxy */;
		};
		097858752A910980000A4908 /* PBXTargetDependency */ = {
			isa = PBXTargetDependency;
			target = 097858582A91097D000A4908 /* AnimationLearning */;
			targetProxy = 097858742A910980000A4908 /* PBXContainerItemProxy */;
		};
/* End PBXTargetDependency section */

/* Begin XCBuildConfiguration section */
		0978587B2A910980000A4908 /* Debug */ = {
			isa = XCBuildConfiguration;
			buildSettings = {
				ALWAYS_SEARCH_USER_PATHS = NO;
				CLANG_ANALYZER_NONNULL = YES;
				CLANG_ANALYZER_NUMBER_OBJECT_CONVERSION = YES_AGGRESSIVE;
				CLANG_CXX_LANGUAGE_STANDARD = "gnu++20";
				CLANG_ENABLE_MODULES = YES;
				CLANG_ENABLE_OBJC_ARC = YES;
				CLANG_ENABLE_OBJC_WEAK = YES;
				CLANG_WARN_BLOCK_CAPTURE_AUTORELEASING = YES;
				CLANG_WARN_BOOL_CONVERSION = YES;
				CLANG_WARN_COMMA = YES;
				CLANG_WARN_CONSTANT_CONVERSION = YES;
				CLANG_WARN_DEPRECATED_OBJC_IMPLEMENTATIONS = YES;
				CLANG_WARN_DIRECT_OBJC_ISA_USAGE = YES_ERROR;
				CLANG_WARN_DOCUMENTATION_COMMENTS = YES;
				CLANG_WARN_EMPTY_BODY = YES;
				CLANG_WARN_ENUM_CONVERSION = YES;
				CLANG_WARN_INFINITE_RECURSION = YES;
				CLANG_WARN_INT_CONVERSION = YES;
				CLANG_WARN_NON_LITERAL_NULL_CONVERSION = YES;
				CLANG_WARN_OBJC_IMPLICIT_RETAIN_SELF = YES;
				CLANG_WARN_OBJC_LITERAL_CONVERSION = YES;
				CLANG_WARN_OBJC_ROOT_CLASS = YES_ERROR;
				CLANG_WARN_QUOTED_INCLUDE_IN_FRAMEWORK_HEADER = YES;
				CLANG_WARN_RANGE_LOOP_ANALYSIS = YES;
				CLANG_WARN_STRICT_PROTOTYPES = YES;
				CLANG_WARN_SUSPICIOUS_MOVE = YES;
				CLANG_WARN_UNGUARDED_AVAILABILITY = YES_AGGRESSIVE;
				CLANG_WARN_UNREACHABLE_CODE = YES;
				CLANG_WARN__DUPLICATE_METHOD_MATCH = YES;
				COPY_PHASE_STRIP = NO;
				DEBUG_INFORMATION_FORMAT = dwarf;
				ENABLE_STRICT_OBJC_MSGSEND = YES;
				ENABLE_TESTABILITY = YES;
				GCC_C_LANGUAGE_STANDARD = gnu11;
				GCC_DYNAMIC_NO_PIC = NO;
				GCC_NO_COMMON_BLOCKS = YES;
				GCC_OPTIMIZATION_LEVEL = 0;
				GCC_PREPROCESSOR_DEFINITIONS = (
					"DEBUG=1",
					"$(inherited)",
				);
				GCC_WARN_64_TO_32_BIT_CONVERSION = YES;
				GCC_WARN_ABOUT_RETURN_TYPE = YES_ERROR;
				GCC_WARN_UNDECLARED_SELECTOR = YES;
				GCC_WARN_UNINITIALIZED_AUTOS = YES_AGGRESSIVE;
				GCC_WARN_UNUSED_FUNCTION = YES;
				GCC_WARN_UNUSED_VARIABLE = YES;
				IPHONEOS_DEPLOYMENT_TARGET = 16.4;
				MTL_ENABLE_DEBUG_INFO = INCLUDE_SOURCE;
				MTL_FAST_MATH = YES;
				ONLY_ACTIVE_ARCH = YES;
				SDKROOT = iphoneos;
				SWIFT_ACTIVE_COMPILATION_CONDITIONS = DEBUG;
				SWIFT_OPTIMIZATION_LEVEL = "-Onone";
			};
			name = Debug;
		};
		0978587C2A910980000A4908 /* Release */ = {
			isa = XCBuildConfiguration;
			buildSettings = {
				ALWAYS_SEARCH_USER_PATHS = NO;
				CLANG_ANALYZER_NONNULL = YES;
				CLANG_ANALYZER_NUMBER_OBJECT_CONVERSION = YES_AGGRESSIVE;
				CLANG_CXX_LANGUAGE_STANDARD = "gnu++20";
				CLANG_ENABLE_MODULES = YES;
				CLANG_ENABLE_OBJC_ARC = YES;
				CLANG_ENABLE_OBJC_WEAK = YES;
				CLANG_WARN_BLOCK_CAPTURE_AUTORELEASING = YES;
				CLANG_WARN_BOOL_CONVERSION = YES;
				CLANG_WARN_COMMA = YES;
				CLANG_WARN_CONSTANT_CONVERSION = YES;
				CLANG_WARN_DEPRECATED_OBJC_IMPLEMENTATIONS = YES;
				CLANG_WARN_DIRECT_OBJC_ISA_USAGE = YES_ERROR;
				CLANG_WARN_DOCUMENTATION_COMMENTS = YES;
				CLANG_WARN_EMPTY_BODY = YES;
				CLANG_WARN_ENUM_CONVERSION = YES;
				CLANG_WARN_INFINITE_RECURSION = YES;
				CLANG_WARN_INT_CONVERSION = YES;
				CLANG_WARN_NON_LITERAL_NULL_CONVERSION = YES;
				CLANG_WARN_OBJC_IMPLICIT_RETAIN_SELF = YES;
				CLANG_WARN_OBJC_LITERAL_CONVERSION = YES;
				CLANG_WARN_OBJC_ROOT_CLASS = YES_ERROR;
				CLANG_WARN_QUOTED_INCLUDE_IN_FRAMEWORK_HEADER = YES;
				CLANG_WARN_RANGE_LOOP_ANALYSIS = YES;
				CLANG_WARN_STRICT_PROTOTYPES = YES;
				CLANG_WARN_SUSPICIOUS_MOVE = YES;
				CLANG_WARN_UNGUARDED_AVAILABILITY = YES_AGGRESSIVE;
				CLANG_WARN_UNREACHABLE_CODE = YES;
				CLANG_WARN__DUPLICATE_METHOD_MATCH = YES;
				COPY_PHASE_STRIP = NO;
				DEBUG_INFORMATION_FORMAT = "dwarf-with-dsym";
				ENABLE_NS_ASSERTIONS = NO;
				ENABLE_STRICT_OBJC_MSGSEND = YES;
				GCC_C_LANGUAGE_STANDARD = gnu11;
				GCC_NO_COMMON_BLOCKS = YES;
				GCC_WARN_64_TO_32_BIT_CONVERSION = YES;
				GCC_WARN_ABOUT_RETURN_TYPE = YES_ERROR;
				GCC_WARN_UNDECLARED_SELECTOR = YES;
				GCC_WARN_UNINITIALIZED_AUTOS = YES_AGGRESSIVE;
				GCC_WARN_UNUSED_FUNCTION = YES;
				GCC_WARN_UNUSED_VARIABLE = YES;
				IPHONEOS_DEPLOYMENT_TARGET = 16.4;
				MTL_ENABLE_DEBUG_INFO = NO;
				MTL_FAST_MATH = YES;
				SDKROOT = iphoneos;
				SWIFT_COMPILATION_MODE = wholemodule;
				SWIFT_OPTIMIZATION_LEVEL = "-O";
				VALIDATE_PRODUCT = YES;
			};
			name = Release;
		};
		0978587E2A910980000A4908 /* Debug */ = {
			isa = XCBuildConfiguration;
			buildSettings = {
				ASSETCATALOG_COMPILER_APPICON_NAME = AppIcon;
				ASSETCATALOG_COMPILER_GLOBAL_ACCENT_COLOR_NAME = AccentColor;
				CODE_SIGN_STYLE = Automatic;
				CURRENT_PROJECT_VERSION = 1;
				DEVELOPMENT_ASSET_PATHS = "\"AnimationLearning/Preview Content\"";
				DEVELOPMENT_TEAM = 4LZSXT57C3;
				ENABLE_PREVIEWS = YES;
				GENERATE_INFOPLIST_FILE = YES;
				INFOPLIST_KEY_UIApplicationSceneManifest_Generation = YES;
				INFOPLIST_KEY_UIApplicationSupportsIndirectInputEvents = YES;
				INFOPLIST_KEY_UILaunchScreen_Generation = YES;
				INFOPLIST_KEY_UISupportedInterfaceOrientations_iPad = "UIInterfaceOrientationPortrait UIInterfaceOrientationPortraitUpsideDown UIInterfaceOrientationLandscapeLeft UIInterfaceOrientationLandscapeRight";
				INFOPLIST_KEY_UISupportedInterfaceOrientations_iPhone = "UIInterfaceOrientationPortrait UIInterfaceOrientationLandscapeLeft UIInterfaceOrientationLandscapeRight";
				LD_RUNPATH_SEARCH_PATHS = (
					"$(inherited)",
					"@executable_path/Frameworks",
				);
				MARKETING_VERSION = 1.0;
				PRODUCT_BUNDLE_IDENTIFIER = mgaiduk.AnimationLearning;
				PRODUCT_NAME = "$(TARGET_NAME)";
				SWIFT_EMIT_LOC_STRINGS = YES;
				SWIFT_VERSION = 5.0;
				TARGETED_DEVICE_FAMILY = "1,2";
			};
			name = Debug;
		};
		0978587F2A910980000A4908 /* Release */ = {
			isa = XCBuildConfiguration;
			buildSettings = {
				ASSETCATALOG_COMPILER_APPICON_NAME = AppIcon;
				ASSETCATALOG_COMPILER_GLOBAL_ACCENT_COLOR_NAME = AccentColor;
				CODE_SIGN_STYLE = Automatic;
				CURRENT_PROJECT_VERSION = 1;
				DEVELOPMENT_ASSET_PATHS = "\"AnimationLearning/Preview Content\"";
				DEVELOPMENT_TEAM = 4LZSXT57C3;
				ENABLE_PREVIEWS = YES;
				GENERATE_INFOPLIST_FILE = YES;
				INFOPLIST_KEY_UIApplicationSceneManifest_Generation = YES;
				INFOPLIST_KEY_UIApplicationSupportsIndirectInputEvents = YES;
				INFOPLIST_KEY_UILaunchScreen_Generation = YES;
				INFOPLIST_KEY_UISupportedInterfaceOrientations_iPad = "UIInterfaceOrientationPortrait UIInterfaceOrientationPortraitUpsideDown UIInterfaceOrientationLandscapeLeft UIInterfaceOrientationLandscapeRight";
				INFOPLIST_KEY_UISupportedInterfaceOrientations_iPhone = "UIInterfaceOrientationPortrait UIInterfaceOrientationLandscapeLeft UIInterfaceOrientationLandscapeRight";
				LD_RUNPATH_SEARCH_PATHS = (
					"$(inherited)",
					"@executable_path/Frameworks",
				);
				MARKETING_VERSION = 1.0;
				PRODUCT_BUNDLE_IDENTIFIER = mgaiduk.AnimationLearning;
				PRODUCT_NAME = "$(TARGET_NAME)";
				SWIFT_EMIT_LOC_STRINGS = YES;
				SWIFT_VERSION = 5.0;
				TARGETED_DEVICE_FAMILY = "1,2";
			};
			name = Release;
		};
		097858812A910980000A4908 /* Debug */ = {
			isa = XCBuildConfiguration;
			buildSettings = {
				ALWAYS_EMBED_SWIFT_STANDARD_LIBRARIES = YES;
				BUNDLE_LOADER = "$(TEST_HOST)";
				CODE_SIGN_STYLE = Automatic;
				CURRENT_PROJECT_VERSION = 1;
				DEVELOPMENT_TEAM = 4LZSXT57C3;
				GENERATE_INFOPLIST_FILE = YES;
				IPHONEOS_DEPLOYMENT_TARGET = 16.4;
				MARKETING_VERSION = 1.0;
				PRODUCT_BUNDLE_IDENTIFIER = mgaiduk.AnimationLearningTests;
				PRODUCT_NAME = "$(TARGET_NAME)";
				SWIFT_EMIT_LOC_STRINGS = NO;
				SWIFT_VERSION = 5.0;
				TARGETED_DEVICE_FAMILY = "1,2";
				TEST_HOST = "$(BUILT_PRODUCTS_DIR)/AnimationLearning.app/$(BUNDLE_EXECUTABLE_FOLDER_PATH)/AnimationLearning";
			};
			name = Debug;
		};
		097858822A910980000A4908 /* Release */ = {
			isa = XCBuildConfiguration;
			buildSettings = {
				ALWAYS_EMBED_SWIFT_STANDARD_LIBRARIES = YES;
				BUNDLE_LOADER = "$(TEST_HOST)";
				CODE_SIGN_STYLE = Automatic;
				CURRENT_PROJECT_VERSION = 1;
				DEVELOPMENT_TEAM = 4LZSXT57C3;
				GENERATE_INFOPLIST_FILE = YES;
				IPHONEOS_DEPLOYMENT_TARGET = 16.4;
				MARKETING_VERSION = 1.0;
				PRODUCT_BUNDLE_IDENTIFIER = mgaiduk.AnimationLearningTests;
				PRODUCT_NAME = "$(TARGET_NAME)";
				SWIFT_EMIT_LOC_STRINGS = NO;
				SWIFT_VERSION = 5.0;
				TARGETED_DEVICE_FAMILY = "1,2";
				TEST_HOST = "$(BUILT_PRODUCTS_DIR)/AnimationLearning.app/$(BUNDLE_EXECUTABLE_FOLDER_PATH)/AnimationLearning";
			};
			name = Release;
		};
		097858842A910980000A4908 /* Debug */ = {
			isa = XCBuildConfiguration;
			buildSettings = {
				ALWAYS_EMBED_SWIFT_STANDARD_LIBRARIES = YES;
				CODE_SIGN_STYLE = Automatic;
				CURRENT_PROJECT_VERSION = 1;
				DEVELOPMENT_TEAM = 4LZSXT57C3;
				GENERATE_INFOPLIST_FILE = YES;
				MARKETING_VERSION = 1.0;
				PRODUCT_BUNDLE_IDENTIFIER = mgaiduk.AnimationLearningUITests;
				PRODUCT_NAME = "$(TARGET_NAME)";
				SWIFT_EMIT_LOC_STRINGS = NO;
				SWIFT_VERSION = 5.0;
				TARGETED_DEVICE_FAMILY = "1,2";
				TEST_TARGET_NAME = AnimationLearning;
			};
			name = Debug;
		};
		097858852A910980000A4908 /* Release */ = {
			isa = XCBuildConfiguration;
			buildSettings = {
				ALWAYS_EMBED_SWIFT_STANDARD_LIBRARIES = YES;
				CODE_SIGN_STYLE = Automatic;
				CURRENT_PROJECT_VERSION = 1;
				DEVELOPMENT_TEAM = 4LZSXT57C3;
				GENERATE_INFOPLIST_FILE = YES;
				MARKETING_VERSION = 1.0;
				PRODUCT_BUNDLE_IDENTIFIER = mgaiduk.AnimationLearningUITests;
				PRODUCT_NAME = "$(TARGET_NAME)";
				SWIFT_EMIT_LOC_STRINGS = NO;
				SWIFT_VERSION = 5.0;
				TARGETED_DEVICE_FAMILY = "1,2";
				TEST_TARGET_NAME = AnimationLearning;
			};
			name = Release;
		};
/* End XCBuildConfiguration section */

/* Begin XCConfigurationList section */
		097858542A91097D000A4908 /* Build configuration list for PBXProject "AnimationLearning" */ = {
			isa = XCConfigurationList;
			buildConfigurations = (
				0978587B2A910980000A4908 /* Debug */,
				0978587C2A910980000A4908 /* Release */,
			);
			defaultConfigurationIsVisible = 0;
			defaultConfigurationName = Release;
		};
		0978587D2A910980000A4908 /* Build configuration list for PBXNativeTarget "AnimationLearning" */ = {
			isa = XCConfigurationList;
			buildConfigurations = (
				0978587E2A910980000A4908 /* Debug */,
				0978587F2A910980000A4908 /* Release */,
			);
			defaultConfigurationIsVisible = 0;
			defaultConfigurationName = Release;
		};
		097858802A910980000A4908 /* Build configuration list for PBXNativeTarget "AnimationLearningTests" */ = {
			isa = XCConfigurationList;
			buildConfigurations = (
				097858812A910980000A4908 /* Debug */,
				097858822A910980000A4908 /* Release */,
			);
			defaultConfigurationIsVisible = 0;
			defaultConfigurationName = Release;
		};
		097858832A910980000A4908 /* Build configuration list for PBXNativeTarget "AnimationLearningUITests" */ = {
			isa = XCConfigurationList;
			buildConfigurations = (
				097858842A910980000A4908 /* Debug */,
				097858852A910980000A4908 /* Release */,
			);
			defaultConfigurationIsVisible = 0;
			defaultConfigurationName = Release;
		};
/* End XCConfigurationList section */
	};
	rootObject = 097858512A91097D000A4908 /* Project object */;
}
